
Microsoft Visual Studio Solution File, Format Version 12.00
# Visual Studio Version 17
VisualStudioVersion = 17.14.36616.10 d17.14
MinimumVisualStudioVersion = 10.0.40219.1
Project("{FAE04EC0-301F-11D3-BF4B-00C04F79EFBC}") = "APIW.Movies", "APIW.Movies\APIW.Movies.csproj", "{8E8D2537-0176-45F8-8004-89A4A7328ED7}"
EndProject
Global
	GlobalSection(SolutionConfigurationPlatforms) = preSolution
		Debug|Any CPU = Debug|Any CPU
		Release|Any CPU = Release|Any CPU
	EndGlobalSection
	GlobalSection(ProjectConfigurationPlatforms) = postSolution
		{8E8D2537-0176-45F8-8004-89A4A7328ED7}.Debug|Any CPU.ActiveCfg = Debug|Any CPU
		{8E8D2537-0176-45F8-8004-89A4A7328ED7}.Debug|Any CPU.Build.0 = Debug|Any CPU
		{8E8D2537-0176-45F8-8004-89A4A7328ED7}.Release|Any CPU.ActiveCfg = Release|Any CPU
		{8E8D2537-0176-45F8-8004-89A4A7328ED7}.Release|Any CPU.Build.0 = Release|Any CPU
	EndGlobalSection
	GlobalSection(SolutionProperties) = preSolution
		HideSolutionNode = FALSE
	EndGlobalSection
	GlobalSection(ExtensibilityGlobals) = postSolution
		SolutionGuid = {6C085BC9-6325-4DE0-87B3-DF3A2683F336}
	EndGlobalSection
EndGlobal
